// !$*UTF8*$!
{
	archiveVersion = 1;
	classes = {
	};
	objectVersion = 56;
	objects = {

/* Begin PBXBuildFile section */
		14312BAE2AB139E60062D7FE /* CalculateViewController.swift in Sources */ = {isa = PBXBuildFile; fileRef = 14312BAD2AB139E60062D7FE /* CalculateViewController.swift */; };
		14312BB02AB13AFB0062D7FE /* CalculateViewModel.swift in Sources */ = {isa = PBXBuildFile; fileRef = 14312BAF2AB13AFB0062D7FE /* CalculateViewModel.swift */; };
		14312BB22AB13DA70062D7FE /* CustomObservable.swift in Sources */ = {isa = PBXBuildFile; fileRef = 14312BB12AB13DA70062D7FE /* CustomObservable.swift */; };
		14312BB52AB17E080062D7FE /* ReviewObserver.swift in Sources */ = {isa = PBXBuildFile; fileRef = 14312BB42AB17E080062D7FE /* ReviewObserver.swift */; };
		14312BB72AB1800B0062D7FE /* ReviewViewModel.swift in Sources */ = {isa = PBXBuildFile; fileRef = 14312BB62AB1800B0062D7FE /* ReviewViewModel.swift */; };
		14312BB92AB18A830062D7FE /* ReviewViewController.swift in Sources */ = {isa = PBXBuildFile; fileRef = 14312BB82AB18A830062D7FE /* ReviewViewController.swift */; };
		14312BBB2AB192F20062D7FE /* PhotoTableViewCell.swift in Sources */ = {isa = PBXBuildFile; fileRef = 14312BBA2AB192F20062D7FE /* PhotoTableViewCell.swift */; };
		14312BCA2AB296ED0062D7FE /* NewSimpleTableViewController.swift in Sources */ = {isa = PBXBuildFile; fileRef = 14312BC92AB296ED0062D7FE /* NewSimpleTableViewController.swift */; };
		14312BCC2AB2A0180062D7FE /* NewSimpleCollectionViewController.swift in Sources */ = {isa = PBXBuildFile; fileRef = 14312BCB2AB2A0180062D7FE /* NewSimpleCollectionViewController.swift */; };
		14312BCF2AB2A9D50062D7FE /* SnapKit in Frameworks */ = {isa = PBXBuildFile; productRef = 14312BCE2AB2A9D50062D7FE /* SnapKit */; };
		146666802AAE99360033CCD6 /* AppDelegate.swift in Sources */ = {isa = PBXBuildFile; fileRef = 1466667F2AAE99360033CCD6 /* AppDelegate.swift */; };
		146666822AAE99360033CCD6 /* SceneDelegate.swift in Sources */ = {isa = PBXBuildFile; fileRef = 146666812AAE99360033CCD6 /* SceneDelegate.swift */; };
		146666842AAE99360033CCD6 /* ViewController.swift in Sources */ = {isa = PBXBuildFile; fileRef = 146666832AAE99360033CCD6 /* ViewController.swift */; };
		146666872AAE99360033CCD6 /* Main.storyboard in Resources */ = {isa = PBXBuildFile; fileRef = 146666852AAE99360033CCD6 /* Main.storyboard */; };
		146666892AAE99390033CCD6 /* Assets.xcassets in Resources */ = {isa = PBXBuildFile; fileRef = 146666882AAE99390033CCD6 /* Assets.xcassets */; };
		1466668C2AAE99390033CCD6 /* LaunchScreen.storyboard in Resources */ = {isa = PBXBuildFile; fileRef = 1466668A2AAE99390033CCD6 /* LaunchScreen.storyboard */; };
		1466669B2AAEAE2A0033CCD6 /* Localizable.strings in Resources */ = {isa = PBXBuildFile; fileRef = 1466669D2AAEAE2A0033CCD6 /* Localizable.strings */; };
		146666A12AAEBAC80033CCD6 /* String + Extension.swift in Sources */ = {isa = PBXBuildFile; fileRef = 146666A02AAEBAC80033CCD6 /* String + Extension.swift */; };
		146666A42AAEBDD60033CCD6 /* InfoPlist.strings in Resources */ = {isa = PBXBuildFile; fileRef = 146666A62AAEBDD60033CCD6 /* InfoPlist.strings */; };
		1492AC882AAFED5600F26AE7 /* LoginViewController.swift in Sources */ = {isa = PBXBuildFile; fileRef = 1492AC872AAFED5600F26AE7 /* LoginViewController.swift */; };
		1492AC8A2AAFF2F800F26AE7 /* Observable.swift in Sources */ = {isa = PBXBuildFile; fileRef = 1492AC892AAFF2F800F26AE7 /* Observable.swift */; };
		1492AC8C2AAFFDD500F26AE7 /* SampleViewController.swift in Sources */ = {isa = PBXBuildFile; fileRef = 1492AC8B2AAFFDD500F26AE7 /* SampleViewController.swift */; };
		1492AC8E2AB0015700F26AE7 /* SampleViewModel.swift in Sources */ = {isa = PBXBuildFile; fileRef = 1492AC8D2AB0015700F26AE7 /* SampleViewModel.swift */; };
		1492AC902AB00E4100F26AE7 /* LoginViewModel.swift in Sources */ = {isa = PBXBuildFile; fileRef = 1492AC8F2AB00E4100F26AE7 /* LoginViewModel.swift */; };
		1492AC962AB02A5700F26AE7 /* APIService.swift in Sources */ = {isa = PBXBuildFile; fileRef = 1492AC952AB02A5700F26AE7 /* APIService.swift */; };
		1492AC982AB02AC200F26AE7 /* Photo.swift in Sources */ = {isa = PBXBuildFile; fileRef = 1492AC972AB02AC200F26AE7 /* Photo.swift */; };
		1492AC9A2AB02B9700F26AE7 /* PhotoViewController.swift in Sources */ = {isa = PBXBuildFile; fileRef = 1492AC992AB02B9700F26AE7 /* PhotoViewController.swift */; };
		1492AC9C2AB02DA300F26AE7 /* PhotoViewModel.swift in Sources */ = {isa = PBXBuildFile; fileRef = 1492AC9B2AB02DA300F26AE7 /* PhotoViewModel.swift */; };
		1495DB3E2AB6A637009CD0EE /* Content.swift in Sources */ = {isa = PBXBuildFile; fileRef = 1495DB3D2AB6A637009CD0EE /* Content.swift */; };
		1495DB402AB6A6A8009CD0EE /* SettingList.swift in Sources */ = {isa = PBXBuildFile; fileRef = 1495DB3F2AB6A6A8009CD0EE /* SettingList.swift */; };
		1495DB422AB6AB13009CD0EE /* AttentionModeViewController.swift in Sources */ = {isa = PBXBuildFile; fileRef = 1495DB412AB6AB13009CD0EE /* AttentionModeViewController.swift */; };
		1495DB442AB6AB33009CD0EE /* BaseViewController.swift in Sources */ = {isa = PBXBuildFile; fileRef = 1495DB432AB6AB33009CD0EE /* BaseViewController.swift */; };
		1495DB462AB6CB58009CD0EE /* SetModeViewController.swift in Sources */ = {isa = PBXBuildFile; fileRef = 1495DB452AB6CB58009CD0EE /* SetModeViewController.swift */; };
		14A51D132AB4366D007BA251 /* MancityViewController.swift in Sources */ = {isa = PBXBuildFile; fileRef = 14A51D122AB4366D007BA251 /* MancityViewController.swift */; };
		14A51D162AB436F2007BA251 /* Player.swift in Sources */ = {isa = PBXBuildFile; fileRef = 14A51D152AB436F2007BA251 /* Player.swift */; };
		14A51D182AB43C79007BA251 /* PlayerList.swift in Sources */ = {isa = PBXBuildFile; fileRef = 14A51D172AB43C79007BA251 /* PlayerList.swift */; };
		14A51D1A2AB45EE3007BA251 /* Item.swift in Sources */ = {isa = PBXBuildFile; fileRef = 14A51D192AB45EE3007BA251 /* Item.swift */; };
		14A51D1C2AB45EEC007BA251 /* ItemList.swift in Sources */ = {isa = PBXBuildFile; fileRef = 14A51D1B2AB45EEC007BA251 /* ItemList.swift */; };
		14A51D1E2AB45EF6007BA251 /* SettingViewController.swift in Sources */ = {isa = PBXBuildFile; fileRef = 14A51D1D2AB45EF6007BA251 /* SettingViewController.swift */; };
/* End PBXBuildFile section */

/* Begin PBXFileReference section */
		14312BAD2AB139E60062D7FE /* CalculateViewController.swift */ = {isa = PBXFileReference; lastKnownFileType = sourcecode.swift; path = CalculateViewController.swift; sourceTree = "<group>"; };
		14312BAF2AB13AFB0062D7FE /* CalculateViewModel.swift */ = {isa = PBXFileReference; lastKnownFileType = sourcecode.swift; path = CalculateViewModel.swift; sourceTree = "<group>"; };
		14312BB12AB13DA70062D7FE /* CustomObservable.swift */ = {isa = PBXFileReference; lastKnownFileType = sourcecode.swift; path = CustomObservable.swift; sourceTree = "<group>"; };
		14312BB42AB17E080062D7FE /* ReviewObserver.swift */ = {isa = PBXFileReference; lastKnownFileType = sourcecode.swift; path = ReviewObserver.swift; sourceTree = "<group>"; };
		14312BB62AB1800B0062D7FE /* ReviewViewModel.swift */ = {isa = PBXFileReference; lastKnownFileType = sourcecode.swift; path = ReviewViewModel.swift; sourceTree = "<group>"; };
		14312BB82AB18A830062D7FE /* ReviewViewController.swift */ = {isa = PBXFileReference; lastKnownFileType = sourcecode.swift; path = ReviewViewController.swift; sourceTree = "<group>"; };
		14312BBA2AB192F20062D7FE /* PhotoTableViewCell.swift */ = {isa = PBXFileReference; lastKnownFileType = sourcecode.swift; path = PhotoTableViewCell.swift; sourceTree = "<group>"; };
		14312BC92AB296ED0062D7FE /* NewSimpleTableViewController.swift */ = {isa = PBXFileReference; lastKnownFileType = sourcecode.swift; path = NewSimpleTableViewController.swift; sourceTree = "<group>"; };
		14312BCB2AB2A0180062D7FE /* NewSimpleCollectionViewController.swift */ = {isa = PBXFileReference; lastKnownFileType = sourcecode.swift; path = NewSimpleCollectionViewController.swift; sourceTree = "<group>"; };
		1466667C2AAE99360033CCD6 /* SeSAC3UnsplashProject.app */ = {isa = PBXFileReference; explicitFileType = wrapper.application; includeInIndex = 0; path = SeSAC3UnsplashProject.app; sourceTree = BUILT_PRODUCTS_DIR; };
		1466667F2AAE99360033CCD6 /* AppDelegate.swift */ = {isa = PBXFileReference; lastKnownFileType = sourcecode.swift; path = AppDelegate.swift; sourceTree = "<group>"; };
		146666812AAE99360033CCD6 /* SceneDelegate.swift */ = {isa = PBXFileReference; lastKnownFileType = sourcecode.swift; path = SceneDelegate.swift; sourceTree = "<group>"; };
		146666832AAE99360033CCD6 /* ViewController.swift */ = {isa = PBXFileReference; lastKnownFileType = sourcecode.swift; path = ViewController.swift; sourceTree = "<group>"; };
		146666862AAE99360033CCD6 /* Base */ = {isa = PBXFileReference; lastKnownFileType = file.storyboard; name = Base; path = Base.lproj/Main.storyboard; sourceTree = "<group>"; };
		146666882AAE99390033CCD6 /* Assets.xcassets */ = {isa = PBXFileReference; lastKnownFileType = folder.assetcatalog; path = Assets.xcassets; sourceTree = "<group>"; };
		1466668B2AAE99390033CCD6 /* Base */ = {isa = PBXFileReference; lastKnownFileType = file.storyboard; name = Base; path = Base.lproj/LaunchScreen.storyboard; sourceTree = "<group>"; };
		1466668D2AAE99390033CCD6 /* Info.plist */ = {isa = PBXFileReference; lastKnownFileType = text.plist.xml; path = Info.plist; sourceTree = "<group>"; };
		146666932AAE9CB70033CCD6 /* ko */ = {isa = PBXFileReference; lastKnownFileType = text.plist.strings; name = ko; path = ko.lproj/Main.strings; sourceTree = "<group>"; };
		146666942AAE9CB80033CCD6 /* ko */ = {isa = PBXFileReference; lastKnownFileType = text.plist.strings; name = ko; path = ko.lproj/LaunchScreen.strings; sourceTree = "<group>"; };
		146666952AAE9CC30033CCD6 /* ja */ = {isa = PBXFileReference; lastKnownFileType = text.plist.strings; name = ja; path = ja.lproj/Main.strings; sourceTree = "<group>"; };
		146666962AAE9CC30033CCD6 /* ja */ = {isa = PBXFileReference; lastKnownFileType = text.plist.strings; name = ja; path = ja.lproj/LaunchScreen.strings; sourceTree = "<group>"; };
		146666982AAE9D8F0033CCD6 /* en */ = {isa = PBXFileReference; lastKnownFileType = text.plist.strings; name = en; path = en.lproj/Main.strings; sourceTree = "<group>"; };
		1466669C2AAEAE2A0033CCD6 /* en */ = {isa = PBXFileReference; lastKnownFileType = text.plist.strings; name = en; path = en.lproj/Localizable.strings; sourceTree = "<group>"; };
		1466669E2AAEAE330033CCD6 /* ja */ = {isa = PBXFileReference; lastKnownFileType = text.plist.strings; name = ja; path = ja.lproj/Localizable.strings; sourceTree = "<group>"; };
		1466669F2AAEAE340033CCD6 /* ko */ = {isa = PBXFileReference; lastKnownFileType = text.plist.strings; name = ko; path = ko.lproj/Localizable.strings; sourceTree = "<group>"; };
		146666A02AAEBAC80033CCD6 /* String + Extension.swift */ = {isa = PBXFileReference; lastKnownFileType = sourcecode.swift; path = "String + Extension.swift"; sourceTree = "<group>"; };
		146666A52AAEBDD60033CCD6 /* en */ = {isa = PBXFileReference; lastKnownFileType = text.plist.strings; name = en; path = en.lproj/InfoPlist.strings; sourceTree = "<group>"; };
		146666A72AAEBDD90033CCD6 /* ja */ = {isa = PBXFileReference; lastKnownFileType = text.plist.strings; name = ja; path = ja.lproj/InfoPlist.strings; sourceTree = "<group>"; };
		146666A82AAEBDD90033CCD6 /* ko */ = {isa = PBXFileReference; lastKnownFileType = text.plist.strings; name = ko; path = ko.lproj/InfoPlist.strings; sourceTree = "<group>"; };
		1492AC872AAFED5600F26AE7 /* LoginViewController.swift */ = {isa = PBXFileReference; lastKnownFileType = sourcecode.swift; path = LoginViewController.swift; sourceTree = "<group>"; };
		1492AC892AAFF2F800F26AE7 /* Observable.swift */ = {isa = PBXFileReference; lastKnownFileType = sourcecode.swift; path = Observable.swift; sourceTree = "<group>"; };
		1492AC8B2AAFFDD500F26AE7 /* SampleViewController.swift */ = {isa = PBXFileReference; lastKnownFileType = sourcecode.swift; path = SampleViewController.swift; sourceTree = "<group>"; };
		1492AC8D2AB0015700F26AE7 /* SampleViewModel.swift */ = {isa = PBXFileReference; lastKnownFileType = sourcecode.swift; path = SampleViewModel.swift; sourceTree = "<group>"; };
		1492AC8F2AB00E4100F26AE7 /* LoginViewModel.swift */ = {isa = PBXFileReference; lastKnownFileType = sourcecode.swift; path = LoginViewModel.swift; sourceTree = "<group>"; };
		1492AC952AB02A5700F26AE7 /* APIService.swift */ = {isa = PBXFileReference; lastKnownFileType = sourcecode.swift; path = APIService.swift; sourceTree = "<group>"; };
		1492AC972AB02AC200F26AE7 /* Photo.swift */ = {isa = PBXFileReference; lastKnownFileType = sourcecode.swift; path = Photo.swift; sourceTree = "<group>"; };
		1492AC992AB02B9700F26AE7 /* PhotoViewController.swift */ = {isa = PBXFileReference; lastKnownFileType = sourcecode.swift; path = PhotoViewController.swift; sourceTree = "<group>"; };
		1492AC9B2AB02DA300F26AE7 /* PhotoViewModel.swift */ = {isa = PBXFileReference; lastKnownFileType = sourcecode.swift; path = PhotoViewModel.swift; sourceTree = "<group>"; };
		1495DB3D2AB6A637009CD0EE /* Content.swift */ = {isa = PBXFileReference; lastKnownFileType = sourcecode.swift; path = Content.swift; sourceTree = "<group>"; };
		1495DB3F2AB6A6A8009CD0EE /* SettingList.swift */ = {isa = PBXFileReference; lastKnownFileType = sourcecode.swift; path = SettingList.swift; sourceTree = "<group>"; };
		1495DB412AB6AB13009CD0EE /* AttentionModeViewController.swift */ = {isa = PBXFileReference; lastKnownFileType = sourcecode.swift; path = AttentionModeViewController.swift; sourceTree = "<group>"; };
		1495DB432AB6AB33009CD0EE /* BaseViewController.swift */ = {isa = PBXFileReference; lastKnownFileType = sourcecode.swift; path = BaseViewController.swift; sourceTree = "<group>"; };
		1495DB452AB6CB58009CD0EE /* SetModeViewController.swift */ = {isa = PBXFileReference; lastKnownFileType = sourcecode.swift; path = SetModeViewController.swift; sourceTree = "<group>"; };
		14A51D122AB4366D007BA251 /* MancityViewController.swift */ = {isa = PBXFileReference; lastKnownFileType = sourcecode.swift; path = MancityViewController.swift; sourceTree = "<group>"; };
		14A51D152AB436F2007BA251 /* Player.swift */ = {isa = PBXFileReference; lastKnownFileType = sourcecode.swift; path = Player.swift; sourceTree = "<group>"; };
		14A51D172AB43C79007BA251 /* PlayerList.swift */ = {isa = PBXFileReference; lastKnownFileType = sourcecode.swift; path = PlayerList.swift; sourceTree = "<group>"; };
		14A51D192AB45EE3007BA251 /* Item.swift */ = {isa = PBXFileReference; lastKnownFileType = sourcecode.swift; path = Item.swift; sourceTree = "<group>"; };
		14A51D1B2AB45EEC007BA251 /* ItemList.swift */ = {isa = PBXFileReference; lastKnownFileType = sourcecode.swift; path = ItemList.swift; sourceTree = "<group>"; };
		14A51D1D2AB45EF6007BA251 /* SettingViewController.swift */ = {isa = PBXFileReference; lastKnownFileType = sourcecode.swift; path = SettingViewController.swift; sourceTree = "<group>"; };
/* End PBXFileReference section */

/* Begin PBXFrameworksBuildPhase section */
		146666792AAE99360033CCD6 /* Frameworks */ = {
			isa = PBXFrameworksBuildPhase;
			buildActionMask = 2147483647;
			files = (
				14312BCF2AB2A9D50062D7FE /* SnapKit in Frameworks */,
			);
			runOnlyForDeploymentPostprocessing = 0;
		};
/* End PBXFrameworksBuildPhase section */

/* Begin PBXGroup section */
		14312BAC2AB139C30062D7FE /* Calculate */ = {
			isa = PBXGroup;
			children = (
				14312BB12AB13DA70062D7FE /* CustomObservable.swift */,
				14312BAF2AB13AFB0062D7FE /* CalculateViewModel.swift */,
				14312BAD2AB139E60062D7FE /* CalculateViewController.swift */,
			);
			path = Calculate;
			sourceTree = "<group>";
		};
		14312BB32AB17DC80062D7FE /* Review */ = {
			isa = PBXGroup;
			children = (
				14312BB42AB17E080062D7FE /* ReviewObserver.swift */,
				14312BB62AB1800B0062D7FE /* ReviewViewModel.swift */,
				14312BB82AB18A830062D7FE /* ReviewViewController.swift */,
			);
			path = Review;
			sourceTree = "<group>";
		};
		14312BC82AB296DC0062D7FE /* New */ = {
			isa = PBXGroup;
			children = (
				14312BC92AB296ED0062D7FE /* NewSimpleTableViewController.swift */,
				14312BCB2AB2A0180062D7FE /* NewSimpleCollectionViewController.swift */,
			);
			path = New;
			sourceTree = "<group>";
		};
		146666732AAE99360033CCD6 = {
			isa = PBXGroup;
			children = (
				1466667E2AAE99360033CCD6 /* SeSAC3UnsplashProject */,
				1466667D2AAE99360033CCD6 /* Products */,
			);
			sourceTree = "<group>";
		};
		1466667D2AAE99360033CCD6 /* Products */ = {
			isa = PBXGroup;
			children = (
				1466667C2AAE99360033CCD6 /* SeSAC3UnsplashProject.app */,
			);
			name = Products;
			sourceTree = "<group>";
		};
		1466667E2AAE99360033CCD6 /* SeSAC3UnsplashProject */ = {
			isa = PBXGroup;
			children = (
				1495DB3C2AB6A593009CD0EE /* Setting2 */,
				14A51D112AB43544007BA251 /* Setting */,
				14A51D142AB436D7007BA251 /* Mancity */,
				14312BC82AB296DC0062D7FE /* New */,
				14312BAC2AB139C30062D7FE /* Calculate */,
				1492AC942AB02A4600F26AE7 /* Photo */,
				1492AC862AAFED4000F26AE7 /* Login */,
				14312BB32AB17DC80062D7FE /* Review */,
				1492AC9D2AB039A000F26AE7 /* Sample */,
				1466667F2AAE99360033CCD6 /* AppDelegate.swift */,
				146666812AAE99360033CCD6 /* SceneDelegate.swift */,
				146666832AAE99360033CCD6 /* ViewController.swift */,
				1466669D2AAEAE2A0033CCD6 /* Localizable.strings */,
				146666852AAE99360033CCD6 /* Main.storyboard */,
				146666882AAE99390033CCD6 /* Assets.xcassets */,
				1466668A2AAE99390033CCD6 /* LaunchScreen.storyboard */,
				1466668D2AAE99390033CCD6 /* Info.plist */,
				146666A02AAEBAC80033CCD6 /* String + Extension.swift */,
				146666A62AAEBDD60033CCD6 /* InfoPlist.strings */,
			);
			path = SeSAC3UnsplashProject;
			sourceTree = "<group>";
		};
		1492AC862AAFED4000F26AE7 /* Login */ = {
			isa = PBXGroup;
			children = (
				1492AC8F2AB00E4100F26AE7 /* LoginViewModel.swift */,
				1492AC872AAFED5600F26AE7 /* LoginViewController.swift */,
			);
			path = Login;
			sourceTree = "<group>";
		};
		1492AC942AB02A4600F26AE7 /* Photo */ = {
			isa = PBXGroup;
			children = (
				1492AC952AB02A5700F26AE7 /* APIService.swift */,
				1492AC972AB02AC200F26AE7 /* Photo.swift */,
				1492AC9B2AB02DA300F26AE7 /* PhotoViewModel.swift */,
				1492AC992AB02B9700F26AE7 /* PhotoViewController.swift */,
				14312BBA2AB192F20062D7FE /* PhotoTableViewCell.swift */,
			);
			path = Photo;
			sourceTree = "<group>";
		};
		1492AC9D2AB039A000F26AE7 /* Sample */ = {
			isa = PBXGroup;
			children = (
				1492AC892AAFF2F800F26AE7 /* Observable.swift */,
				1492AC8D2AB0015700F26AE7 /* SampleViewModel.swift */,
				1492AC8B2AAFFDD500F26AE7 /* SampleViewController.swift */,
			);
			path = Sample;
			sourceTree = "<group>";
		};
		1495DB3C2AB6A593009CD0EE /* Setting2 */ = {
			isa = PBXGroup;
			children = (
				1495DB3D2AB6A637009CD0EE /* Content.swift */,
				1495DB3F2AB6A6A8009CD0EE /* SettingList.swift */,
				1495DB432AB6AB33009CD0EE /* BaseViewController.swift */,
				1495DB412AB6AB13009CD0EE /* AttentionModeViewController.swift */,
				1495DB452AB6CB58009CD0EE /* SetModeViewController.swift */,
			);
			path = Setting2;
			sourceTree = "<group>";
		};
		14A51D112AB43544007BA251 /* Setting */ = {
			isa = PBXGroup;
			children = (
				14A51D192AB45EE3007BA251 /* Item.swift */,
				14A51D1B2AB45EEC007BA251 /* ItemList.swift */,
				14A51D1D2AB45EF6007BA251 /* SettingViewController.swift */,
			);
			path = Setting;
			sourceTree = "<group>";
		};
		14A51D142AB436D7007BA251 /* Mancity */ = {
			isa = PBXGroup;
			children = (
				14A51D152AB436F2007BA251 /* Player.swift */,
				14A51D172AB43C79007BA251 /* PlayerList.swift */,
				14A51D122AB4366D007BA251 /* MancityViewController.swift */,
			);
			path = Mancity;
			sourceTree = "<group>";
		};
/* End PBXGroup section */

/* Begin PBXNativeTarget section */
		1466667B2AAE99360033CCD6 /* SeSAC3UnsplashProject */ = {
			isa = PBXNativeTarget;
			buildConfigurationList = 146666902AAE99390033CCD6 /* Build configuration list for PBXNativeTarget "SeSAC3UnsplashProject" */;
			buildPhases = (
				146666782AAE99360033CCD6 /* Sources */,
				146666792AAE99360033CCD6 /* Frameworks */,
				1466667A2AAE99360033CCD6 /* Resources */,
			);
			buildRules = (
			);
			dependencies = (
			);
			name = SeSAC3UnsplashProject;
			packageProductDependencies = (
				14312BCE2AB2A9D50062D7FE /* SnapKit */,
			);
			productName = SeSAC3UnsplashProject;
			productReference = 1466667C2AAE99360033CCD6 /* SeSAC3UnsplashProject.app */;
			productType = "com.apple.product-type.application";
		};
/* End PBXNativeTarget section */

/* Begin PBXProject section */
		146666742AAE99360033CCD6 /* Project object */ = {
			isa = PBXProject;
			attributes = {
				BuildIndependentTargetsInParallel = 1;
				LastSwiftUpdateCheck = 1430;
				LastUpgradeCheck = 1430;
				TargetAttributes = {
					1466667B2AAE99360033CCD6 = {
						CreatedOnToolsVersion = 14.3.1;
					};
				};
			};
			buildConfigurationList = 146666772AAE99360033CCD6 /* Build configuration list for PBXProject "SeSAC3UnsplashProject" */;
			compatibilityVersion = "Xcode 14.0";
			developmentRegion = en;
			hasScannedForEncodings = 0;
			knownRegions = (
				en,
				Base,
				ko,
				ja,
			);
			mainGroup = 146666732AAE99360033CCD6;
			packageReferences = (
				14312BCD2AB2A9D50062D7FE /* XCRemoteSwiftPackageReference "SnapKit" */,
			);
			productRefGroup = 1466667D2AAE99360033CCD6 /* Products */;
			projectDirPath = "";
			projectRoot = "";
			targets = (
				1466667B2AAE99360033CCD6 /* SeSAC3UnsplashProject */,
			);
		};
/* End PBXProject section */

/* Begin PBXResourcesBuildPhase section */
		1466667A2AAE99360033CCD6 /* Resources */ = {
			isa = PBXResourcesBuildPhase;
			buildActionMask = 2147483647;
			files = (
				1466668C2AAE99390033CCD6 /* LaunchScreen.storyboard in Resources */,
				1466669B2AAEAE2A0033CCD6 /* Localizable.strings in Resources */,
				146666892AAE99390033CCD6 /* Assets.xcassets in Resources */,
				146666872AAE99360033CCD6 /* Main.storyboard in Resources */,
				146666A42AAEBDD60033CCD6 /* InfoPlist.strings in Resources */,
			);
			runOnlyForDeploymentPostprocessing = 0;
		};
/* End PBXResourcesBuildPhase section */

/* Begin PBXSourcesBuildPhase section */
		146666782AAE99360033CCD6 /* Sources */ = {
			isa = PBXSourcesBuildPhase;
			buildActionMask = 2147483647;
			files = (
				14A51D162AB436F2007BA251 /* Player.swift in Sources */,
				14A51D182AB43C79007BA251 /* PlayerList.swift in Sources */,
				1495DB402AB6A6A8009CD0EE /* SettingList.swift in Sources */,
				14A51D1A2AB45EE3007BA251 /* Item.swift in Sources */,
				14312BBB2AB192F20062D7FE /* PhotoTableViewCell.swift in Sources */,
				146666842AAE99360033CCD6 /* ViewController.swift in Sources */,
				14312BB52AB17E080062D7FE /* ReviewObserver.swift in Sources */,
				14312BB92AB18A830062D7FE /* ReviewViewController.swift in Sources */,
				14312BB02AB13AFB0062D7FE /* CalculateViewModel.swift in Sources */,
				14312BCC2AB2A0180062D7FE /* NewSimpleCollectionViewController.swift in Sources */,
				146666802AAE99360033CCD6 /* AppDelegate.swift in Sources */,
				146666A12AAEBAC80033CCD6 /* String + Extension.swift in Sources */,
				14A51D132AB4366D007BA251 /* MancityViewController.swift in Sources */,
				1495DB442AB6AB33009CD0EE /* BaseViewController.swift in Sources */,
				1492AC882AAFED5600F26AE7 /* LoginViewController.swift in Sources */,
				1492AC8A2AAFF2F800F26AE7 /* Observable.swift in Sources */,
				1492AC9A2AB02B9700F26AE7 /* PhotoViewController.swift in Sources */,
				14312BB22AB13DA70062D7FE /* CustomObservable.swift in Sources */,
				146666822AAE99360033CCD6 /* SceneDelegate.swift in Sources */,
				14312BB72AB1800B0062D7FE /* ReviewViewModel.swift in Sources */,
				1492AC962AB02A5700F26AE7 /* APIService.swift in Sources */,
				14A51D1E2AB45EF6007BA251 /* SettingViewController.swift in Sources */,
				1492AC982AB02AC200F26AE7 /* Photo.swift in Sources */,
				14A51D1C2AB45EEC007BA251 /* ItemList.swift in Sources */,
				1492AC8E2AB0015700F26AE7 /* SampleViewModel.swift in Sources */,
				1495DB422AB6AB13009CD0EE /* AttentionModeViewController.swift in Sources */,
				1495DB462AB6CB58009CD0EE /* SetModeViewController.swift in Sources */,
				1492AC9C2AB02DA300F26AE7 /* PhotoViewModel.swift in Sources */,
				1492AC8C2AAFFDD500F26AE7 /* SampleViewController.swift in Sources */,
				1495DB3E2AB6A637009CD0EE /* Content.swift in Sources */,
				14312BCA2AB296ED0062D7FE /* NewSimpleTableViewController.swift in Sources */,
				14312BAE2AB139E60062D7FE /* CalculateViewController.swift in Sources */,
				1492AC902AB00E4100F26AE7 /* LoginViewModel.swift in Sources */,
			);
			runOnlyForDeploymentPostprocessing = 0;
		};
/* End PBXSourcesBuildPhase section */

/* Begin PBXVariantGroup section */
		146666852AAE99360033CCD6 /* Main.storyboard */ = {
			isa = PBXVariantGroup;
			children = (
				146666862AAE99360033CCD6 /* Base */,
				146666932AAE9CB70033CCD6 /* ko */,
				146666952AAE9CC30033CCD6 /* ja */,
				146666982AAE9D8F0033CCD6 /* en */,
			);
			name = Main.storyboard;
			sourceTree = "<group>";
		};
		1466668A2AAE99390033CCD6 /* LaunchScreen.storyboard */ = {
			isa = PBXVariantGroup;
			children = (
				1466668B2AAE99390033CCD6 /* Base */,
				146666942AAE9CB80033CCD6 /* ko */,
				146666962AAE9CC30033CCD6 /* ja */,
			);
			name = LaunchScreen.storyboard;
			sourceTree = "<group>";
		};
		1466669D2AAEAE2A0033CCD6 /* Localizable.strings */ = {
			isa = PBXVariantGroup;
			children = (
				1466669C2AAEAE2A0033CCD6 /* en */,
				1466669E2AAEAE330033CCD6 /* ja */,
				1466669F2AAEAE340033CCD6 /* ko */,
			);
			name = Localizable.strings;
			sourceTree = "<group>";
		};
		146666A62AAEBDD60033CCD6 /* InfoPlist.strings */ = {
			isa = PBXVariantGroup;
			children = (
				146666A52AAEBDD60033CCD6 /* en */,
				146666A72AAEBDD90033CCD6 /* ja */,
				146666A82AAEBDD90033CCD6 /* ko */,
			);
			name = InfoPlist.strings;
			sourceTree = "<group>";
		};
/* End PBXVariantGroup section */

/* Begin XCBuildConfiguration section */
		1466668E2AAE99390033CCD6 /* Debug */ = {
			isa = XCBuildConfiguration;
			buildSettings = {
				ALWAYS_SEARCH_USER_PATHS = NO;
				CLANG_ANALYZER_LOCALIZABILITY_NONLOCALIZED = YES;
				CLANG_ANALYZER_NONNULL = YES;
				CLANG_ANALYZER_NUMBER_OBJECT_CONVERSION = YES_AGGRESSIVE;
				CLANG_CXX_LANGUAGE_STANDARD = "gnu++20";
				CLANG_ENABLE_MODULES = YES;
				CLANG_ENABLE_OBJC_ARC = YES;
				CLANG_ENABLE_OBJC_WEAK = YES;
				CLANG_WARN_BLOCK_CAPTURE_AUTORELEASING = YES;
				CLANG_WARN_BOOL_CONVERSION = YES;
				CLANG_WARN_COMMA = YES;
				CLANG_WARN_CONSTANT_CONVERSION = YES;
				CLANG_WARN_DEPRECATED_OBJC_IMPLEMENTATIONS = YES;
				CLANG_WARN_DIRECT_OBJC_ISA_USAGE = YES_ERROR;
				CLANG_WARN_DOCUMENTATION_COMMENTS = YES;
				CLANG_WARN_EMPTY_BODY = YES;
				CLANG_WARN_ENUM_CONVERSION = YES;
				CLANG_WARN_INFINITE_RECURSION = YES;
				CLANG_WARN_INT_CONVERSION = YES;
				CLANG_WARN_NON_LITERAL_NULL_CONVERSION = YES;
				CLANG_WARN_OBJC_IMPLICIT_RETAIN_SELF = YES;
				CLANG_WARN_OBJC_LITERAL_CONVERSION = YES;
				CLANG_WARN_OBJC_ROOT_CLASS = YES_ERROR;
				CLANG_WARN_QUOTED_INCLUDE_IN_FRAMEWORK_HEADER = YES;
				CLANG_WARN_RANGE_LOOP_ANALYSIS = YES;
				CLANG_WARN_STRICT_PROTOTYPES = YES;
				CLANG_WARN_SUSPICIOUS_MOVE = YES;
				CLANG_WARN_UNGUARDED_AVAILABILITY = YES_AGGRESSIVE;
				CLANG_WARN_UNREACHABLE_CODE = YES;
				CLANG_WARN__DUPLICATE_METHOD_MATCH = YES;
				COPY_PHASE_STRIP = NO;
				DEBUG_INFORMATION_FORMAT = dwarf;
				ENABLE_STRICT_OBJC_MSGSEND = YES;
				ENABLE_TESTABILITY = YES;
				GCC_C_LANGUAGE_STANDARD = gnu11;
				GCC_DYNAMIC_NO_PIC = NO;
				GCC_NO_COMMON_BLOCKS = YES;
				GCC_OPTIMIZATION_LEVEL = 0;
				GCC_PREPROCESSOR_DEFINITIONS = (
					"DEBUG=1",
					"$(inherited)",
				);
				GCC_WARN_64_TO_32_BIT_CONVERSION = YES;
				GCC_WARN_ABOUT_RETURN_TYPE = YES_ERROR;
				GCC_WARN_UNDECLARED_SELECTOR = YES;
				GCC_WARN_UNINITIALIZED_AUTOS = YES_AGGRESSIVE;
				GCC_WARN_UNUSED_FUNCTION = YES;
				GCC_WARN_UNUSED_VARIABLE = YES;
				IPHONEOS_DEPLOYMENT_TARGET = 16.4;
				MTL_ENABLE_DEBUG_INFO = INCLUDE_SOURCE;
				MTL_FAST_MATH = YES;
				ONLY_ACTIVE_ARCH = YES;
				SDKROOT = iphoneos;
				SWIFT_ACTIVE_COMPILATION_CONDITIONS = DEBUG;
				SWIFT_OPTIMIZATION_LEVEL = "-Onone";
			};
			name = Debug;
		};
		1466668F2AAE99390033CCD6 /* Release */ = {
			isa = XCBuildConfiguration;
			buildSettings = {
				ALWAYS_SEARCH_USER_PATHS = NO;
				CLANG_ANALYZER_LOCALIZABILITY_NONLOCALIZED = YES;
				CLANG_ANALYZER_NONNULL = YES;
				CLANG_ANALYZER_NUMBER_OBJECT_CONVERSION = YES_AGGRESSIVE;
				CLANG_CXX_LANGUAGE_STANDARD = "gnu++20";
				CLANG_ENABLE_MODULES = YES;
				CLANG_ENABLE_OBJC_ARC = YES;
				CLANG_ENABLE_OBJC_WEAK = YES;
				CLANG_WARN_BLOCK_CAPTURE_AUTORELEASING = YES;
				CLANG_WARN_BOOL_CONVERSION = YES;
				CLANG_WARN_COMMA = YES;
				CLANG_WARN_CONSTANT_CONVERSION = YES;
				CLANG_WARN_DEPRECATED_OBJC_IMPLEMENTATIONS = YES;
				CLANG_WARN_DIRECT_OBJC_ISA_USAGE = YES_ERROR;
				CLANG_WARN_DOCUMENTATION_COMMENTS = YES;
				CLANG_WARN_EMPTY_BODY = YES;
				CLANG_WARN_ENUM_CONVERSION = YES;
				CLANG_WARN_INFINITE_RECURSION = YES;
				CLANG_WARN_INT_CONVERSION = YES;
				CLANG_WARN_NON_LITERAL_NULL_CONVERSION = YES;
				CLANG_WARN_OBJC_IMPLICIT_RETAIN_SELF = YES;
				CLANG_WARN_OBJC_LITERAL_CONVERSION = YES;
				CLANG_WARN_OBJC_ROOT_CLASS = YES_ERROR;
				CLANG_WARN_QUOTED_INCLUDE_IN_FRAMEWORK_HEADER = YES;
				CLANG_WARN_RANGE_LOOP_ANALYSIS = YES;
				CLANG_WARN_STRICT_PROTOTYPES = YES;
				CLANG_WARN_SUSPICIOUS_MOVE = YES;
				CLANG_WARN_UNGUARDED_AVAILABILITY = YES_AGGRESSIVE;
				CLANG_WARN_UNREACHABLE_CODE = YES;
				CLANG_WARN__DUPLICATE_METHOD_MATCH = YES;
				COPY_PHASE_STRIP = NO;
				DEBUG_INFORMATION_FORMAT = "dwarf-with-dsym";
				ENABLE_NS_ASSERTIONS = NO;
				ENABLE_STRICT_OBJC_MSGSEND = YES;
				GCC_C_LANGUAGE_STANDARD = gnu11;
				GCC_NO_COMMON_BLOCKS = YES;
				GCC_WARN_64_TO_32_BIT_CONVERSION = YES;
				GCC_WARN_ABOUT_RETURN_TYPE = YES_ERROR;
				GCC_WARN_UNDECLARED_SELECTOR = YES;
				GCC_WARN_UNINITIALIZED_AUTOS = YES_AGGRESSIVE;
				GCC_WARN_UNUSED_FUNCTION = YES;
				GCC_WARN_UNUSED_VARIABLE = YES;
				IPHONEOS_DEPLOYMENT_TARGET = 16.4;
				MTL_ENABLE_DEBUG_INFO = NO;
				MTL_FAST_MATH = YES;
				SDKROOT = iphoneos;
				SWIFT_COMPILATION_MODE = wholemodule;
				SWIFT_OPTIMIZATION_LEVEL = "-O";
				VALIDATE_PRODUCT = YES;
			};
			name = Release;
		};
		146666912AAE99390033CCD6 /* Debug */ = {
			isa = XCBuildConfiguration;
			buildSettings = {
				ASSETCATALOG_COMPILER_APPICON_NAME = AppIcon;
				ASSETCATALOG_COMPILER_GLOBAL_ACCENT_COLOR_NAME = AccentColor;
				CODE_SIGN_STYLE = Automatic;
				CURRENT_PROJECT_VERSION = 1;
				DEVELOPMENT_TEAM = DD66GTY4AT;
				GENERATE_INFOPLIST_FILE = YES;
				INFOPLIST_FILE = SeSAC3UnsplashProject/Info.plist;
				INFOPLIST_KEY_UIApplicationSupportsIndirectInputEvents = YES;
				INFOPLIST_KEY_UILaunchStoryboardName = LaunchScreen;
				INFOPLIST_KEY_UIMainStoryboardFile = Main;
				INFOPLIST_KEY_UISupportedInterfaceOrientations_iPad = "UIInterfaceOrientationPortrait UIInterfaceOrientationPortraitUpsideDown UIInterfaceOrientationLandscapeLeft UIInterfaceOrientationLandscapeRight";
				INFOPLIST_KEY_UISupportedInterfaceOrientations_iPhone = "UIInterfaceOrientationPortrait UIInterfaceOrientationLandscapeLeft UIInterfaceOrientationLandscapeRight";
				LD_RUNPATH_SEARCH_PATHS = (
					"$(inherited)",
					"@executable_path/Frameworks",
				);
				MARKETING_VERSION = 1.0;
				PRODUCT_BUNDLE_IDENTIFIER = com.raehoon.SeSAC3UnsplashProject;
				PRODUCT_NAME = "$(TARGET_NAME)";
				SWIFT_EMIT_LOC_STRINGS = YES;
				SWIFT_VERSION = 5.0;
				TARGETED_DEVICE_FAMILY = "1,2";
			};
			name = Debug;
		};
		146666922AAE99390033CCD6 /* Release */ = {
			isa = XCBuildConfiguration;
			buildSettings = {
				ASSETCATALOG_COMPILER_APPICON_NAME = AppIcon;
				ASSETCATALOG_COMPILER_GLOBAL_ACCENT_COLOR_NAME = AccentColor;
				CODE_SIGN_STYLE = Automatic;
				CURRENT_PROJECT_VERSION = 1;
				DEVELOPMENT_TEAM = DD66GTY4AT;
				GENERATE_INFOPLIST_FILE = YES;
				INFOPLIST_FILE = SeSAC3UnsplashProject/Info.plist;
				INFOPLIST_KEY_UIApplicationSupportsIndirectInputEvents = YES;
				INFOPLIST_KEY_UILaunchStoryboardName = LaunchScreen;
				INFOPLIST_KEY_UIMainStoryboardFile = Main;
				INFOPLIST_KEY_UISupportedInterfaceOrientations_iPad = "UIInterfaceOrientationPortrait UIInterfaceOrientationPortraitUpsideDown UIInterfaceOrientationLandscapeLeft UIInterfaceOrientationLandscapeRight";
				INFOPLIST_KEY_UISupportedInterfaceOrientations_iPhone = "UIInterfaceOrientationPortrait UIInterfaceOrientationLandscapeLeft UIInterfaceOrientationLandscapeRight";
				LD_RUNPATH_SEARCH_PATHS = (
					"$(inherited)",
					"@executable_path/Frameworks",
				);
				MARKETING_VERSION = 1.0;
				PRODUCT_BUNDLE_IDENTIFIER = com.raehoon.SeSAC3UnsplashProject;
				PRODUCT_NAME = "$(TARGET_NAME)";
				SWIFT_EMIT_LOC_STRINGS = YES;
				SWIFT_VERSION = 5.0;
				TARGETED_DEVICE_FAMILY = "1,2";
			};
			name = Release;
		};
/* End XCBuildConfiguration section */

/* Begin XCConfigurationList section */
		146666772AAE99360033CCD6 /* Build configuration list for PBXProject "SeSAC3UnsplashProject" */ = {
			isa = XCConfigurationList;
			buildConfigurations = (
				1466668E2AAE99390033CCD6 /* Debug */,
				1466668F2AAE99390033CCD6 /* Release */,
			);
			defaultConfigurationIsVisible = 0;
			defaultConfigurationName = Release;
		};
		146666902AAE99390033CCD6 /* Build configuration list for PBXNativeTarget "SeSAC3UnsplashProject" */ = {
			isa = XCConfigurationList;
			buildConfigurations = (
				146666912AAE99390033CCD6 /* Debug */,
				146666922AAE99390033CCD6 /* Release */,
			);
			defaultConfigurationIsVisible = 0;
			defaultConfigurationName = Release;
		};
/* End XCConfigurationList section */

/* Begin XCRemoteSwiftPackageReference section */
		14312BCD2AB2A9D50062D7FE /* XCRemoteSwiftPackageReference "SnapKit" */ = {
			isa = XCRemoteSwiftPackageReference;
			repositoryURL = "https://github.com/SnapKit/SnapKit.git";
			requirement = {
				kind = upToNextMajorVersion;
				minimumVersion = 5.0.0;
			};
		};
/* End XCRemoteSwiftPackageReference section */

/* Begin XCSwiftPackageProductDependency section */
		14312BCE2AB2A9D50062D7FE /* SnapKit */ = {
			isa = XCSwiftPackageProductDependency;
			package = 14312BCD2AB2A9D50062D7FE /* XCRemoteSwiftPackageReference "SnapKit" */;
			productName = SnapKit;
		};
/* End XCSwiftPackageProductDependency section */
	};
	rootObject = 146666742AAE99360033CCD6 /* Project object */;
}
